<Solution>
  <Folder Name="/Task1/">
    <Project Path="ConsoleApp/ConsoleApp.csproj" Id="23c8fe09-baeb-4581-afb5-a8904daf326e" />
    <Project Path="GrpcClientLib/GrpcClientLib.csproj" />
    <Project Path="HttpClient/HttpClientLib.csproj" />
  </Folder>
  <Folder Name="/Task2/">
    <Project Path="SmsWpfApp/SmsWpfApp.csproj" Id="b6f71412-9431-4b48-9529-f3e17d83dff9" />
  </Folder>
</Solution>
